
Microsoft Visual Studio Solution File, Format Version 12.00
# Visual Studio Version 16
VisualStudioVersion = 16.0.32413.511
MinimumVisualStudioVersion = 10.0.40219.1
Project("{9A19103F-16F7-4668-BE54-9A1E7A4F7556}") = "C-Sharp-Assignments", "C-Sharp-Assignments\C-Sharp-Assignments.csproj", "{D13BCBB6-F6D0-4CEC-A6C6-ED1084901DDB}"
EndProject
Project("{9A19103F-16F7-4668-BE54-9A1E7A4F7556}") = "M3.5", "M3.5\M3.5.csproj", "{094C5319-6CF5-4774-9DBA-A14B31BB42AE}"
EndProject
Project("{9A19103F-16F7-4668-BE54-9A1E7A4F7556}") = "M3.6", "M3.6\M3.6.csproj", "{4F924315-F6A5-405C-B497-1440E2DA6386}"
EndProject
Project("{9A19103F-16F7-4668-BE54-9A1E7A4F7556}") = "M3.7", "M3.7\M3.7.csproj", "{00751382-950E-471B-9B68-CDBB16F5C46A}"
EndProject
Project("{9A19103F-16F7-4668-BE54-9A1E7A4F7556}") = "M3.8", "M3.8\M3.8.csproj", "{4637703E-3E75-420F-B286-35834EA48261}"
EndProject
Project("{9A19103F-16F7-4668-BE54-9A1E7A4F7556}") = "M3.9", "M3.9\M3.9.csproj", "{E1AF2085-CC03-4730-8F0F-4B68AFFE0D1A}"
EndProject
Project("{9A19103F-16F7-4668-BE54-9A1E7A4F7556}") = "M3.16", "M3.16\M3.16.csproj", "{D0F366B1-71F5-488E-8D9F-F4B06390FA83}"
EndProject
Project("{9A19103F-16F7-4668-BE54-9A1E7A4F7556}") = "M3.17", "M3.17\M3.17.csproj", "{8777E1F4-3EB4-429A-BEFC-7EC32305D687}"
EndProject
Project("{9A19103F-16F7-4668-BE54-9A1E7A4F7556}") = "M3.18", "M3.18\M3.18.csproj", "{F1F9ED7F-2078-46FB-B0B3-7E57BF89641A}"
EndProject
Project("{9A19103F-16F7-4668-BE54-9A1E7A4F7556}") = "M3.19", "M3.19\M3.19.csproj", "{6AE6A658-10B2-4CA5-9CE3-45F89A801DCE}"
EndProject
Project("{9A19103F-16F7-4668-BE54-9A1E7A4F7556}") = "M3.15", "M3.15\M3.15.csproj", "{4FEA3A60-E588-4BBF-A7BD-3EC2D830E556}"
EndProject
Project("{9A19103F-16F7-4668-BE54-9A1E7A4F7556}") = "M3.20", "M3.20\M3.20.csproj", "{8DEB5CE6-E3B9-4D50-B83B-1024000CC856}"
EndProject
Project("{9A19103F-16F7-4668-BE54-9A1E7A4F7556}") = "M3.21", "M3.21\M3.21.csproj", "{95FAA4E9-CA04-4D7D-A367-87CBF9CE87D3}"
EndProject
Project("{9A19103F-16F7-4668-BE54-9A1E7A4F7556}") = "M3.27", "M3.27\M3.27.csproj", "{2E3A22E4-D56B-4087-9EBD-16165E6F0E01}"
EndProject
Project("{9A19103F-16F7-4668-BE54-9A1E7A4F7556}") = "M3.28", "M3.28\M3.28.csproj", "{FA734E33-A95D-4766-A9BE-95A73D9235FF}"
EndProject
Project("{9A19103F-16F7-4668-BE54-9A1E7A4F7556}") = "M3.34", "M3.34\M3.34.csproj", "{0FF329A9-EA0B-4BF8-86F4-34ADA6E42D6F}"
EndProject
Project("{9A19103F-16F7-4668-BE54-9A1E7A4F7556}") = "M3.35", "M3.35\M3.35.csproj", "{2A7BAD76-9856-4702-9040-3FEE00EC76EF}"
EndProject
Project("{9A19103F-16F7-4668-BE54-9A1E7A4F7556}") = "M3.37", "M3.37\M3.37.csproj", "{A6576A30-8E0D-4FD3-87A9-E5FCDFAD28B0}"
EndProject
Project("{9A19103F-16F7-4668-BE54-9A1E7A4F7556}") = "M3.38", "M3.38\M3.38.csproj", "{D84EF993-2E96-46AD-8A07-2DE062FD465F}"
EndProject
Project("{9A19103F-16F7-4668-BE54-9A1E7A4F7556}") = "M3.39", "M3.39\M3.39.csproj", "{ECF58DA2-1E8F-4120-BF17-E56E7E9AF93D}"
EndProject
Project("{9A19103F-16F7-4668-BE54-9A1E7A4F7556}") = "M3.41", "M3.41\M3.41.csproj", "{A4432B21-2FA3-4F83-BF37-90A4186E4EBD}"
EndProject
Project("{9A19103F-16F7-4668-BE54-9A1E7A4F7556}") = "M3.42", "M3.42\M3.42.csproj", "{3085030D-BFCD-4B80-9631-3E7BD92AD3E3}"
EndProject
Project("{9A19103F-16F7-4668-BE54-9A1E7A4F7556}") = "M3.47", "M3.47\M3.47.csproj", "{0ED03271-4513-4F7B-A28A-215A97637E44}"
EndProject
Project("{9A19103F-16F7-4668-BE54-9A1E7A4F7556}") = "M3.50", "M3.50\M3.50.csproj", "{6A20ECF4-3740-433A-85A6-2C447909DBAB}"
EndProject
Project("{9A19103F-16F7-4668-BE54-9A1E7A4F7556}") = "M3.53", "M3.53\M3.53.csproj", "{AADD9D2B-C53C-4883-A08D-81020529A1ED}"
EndProject
Project("{9A19103F-16F7-4668-BE54-9A1E7A4F7556}") = "M3.54", "M3.54\M3.54.csproj", "{5B56F28E-1726-4C42-8DFD-A5512FD350F4}"
EndProject
Project("{9A19103F-16F7-4668-BE54-9A1E7A4F7556}") = "M3.55", "M3.55\M3.55.csproj", "{CA3953BF-3F11-46E3-8BFC-F0A4E882F4A7}"
EndProject
Project("{9A19103F-16F7-4668-BE54-9A1E7A4F7556}") = "M3.57", "M3.57\M3.57.csproj", "{943091B9-3173-4B38-B1B6-6B4D9560D439}"
EndProject
Project("{9A19103F-16F7-4668-BE54-9A1E7A4F7556}") = "M3.60", "M3.60\M3.60.csproj", "{2DD2FF39-A1BC-4FC1-8937-0F5889199B01}"
EndProject
Project("{9A19103F-16F7-4668-BE54-9A1E7A4F7556}") = "M3.61", "M3.61\M3.61.csproj", "{8E952067-5ABB-49F2-B735-F05F353FE104}"
EndProject
Project("{9A19103F-16F7-4668-BE54-9A1E7A4F7556}") = "M3.52", "M3.52\M3.52.csproj", "{3AE07292-B187-4A98-AFA0-119BBDD347A3}"
EndProject
Project("{9A19103F-16F7-4668-BE54-9A1E7A4F7556}") = "M3.58", "M3.58\M3.58.csproj", "{6C9AFA2D-AD65-4700-8B29-990752445E65}"
EndProject
Project("{9A19103F-16F7-4668-BE54-9A1E7A4F7556}") = "M3.59", "M3.59\M3.59.csproj", "{B275067D-8467-4B84-8A91-8BB84EE4960E}"
EndProject
Project("{9A19103F-16F7-4668-BE54-9A1E7A4F7556}") = "M3.62", "M3.62\M3.62.csproj", "{DAFD64CB-15BA-427E-98FE-E671B7619CA8}"
EndProject
Project("{9A19103F-16F7-4668-BE54-9A1E7A4F7556}") = "M3.3", "M3.3\M3.3.csproj", "{18DBA227-07DE-4321-8853-7394F15B034F}"
EndProject
Project("{FAE04EC0-301F-11D3-BF4B-00C04F79EFBC}") = "M4.12", "M4.12\M4.12.csproj", "{068FED6C-D626-4A6A-AA06-B1F0F751C023}"
EndProject
Global
	GlobalSection(SolutionConfigurationPlatforms) = preSolution
		Debug|Any CPU = Debug|Any CPU
		Release|Any CPU = Release|Any CPU
	EndGlobalSection
	GlobalSection(ProjectConfigurationPlatforms) = postSolution
		{D13BCBB6-F6D0-4CEC-A6C6-ED1084901DDB}.Debug|Any CPU.ActiveCfg = Debug|Any CPU
		{D13BCBB6-F6D0-4CEC-A6C6-ED1084901DDB}.Debug|Any CPU.Build.0 = Debug|Any CPU
		{D13BCBB6-F6D0-4CEC-A6C6-ED1084901DDB}.Release|Any CPU.ActiveCfg = Release|Any CPU
		{D13BCBB6-F6D0-4CEC-A6C6-ED1084901DDB}.Release|Any CPU.Build.0 = Release|Any CPU
		{094C5319-6CF5-4774-9DBA-A14B31BB42AE}.Debug|Any CPU.ActiveCfg = Debug|Any CPU
		{094C5319-6CF5-4774-9DBA-A14B31BB42AE}.Debug|Any CPU.Build.0 = Debug|Any CPU
		{094C5319-6CF5-4774-9DBA-A14B31BB42AE}.Release|Any CPU.ActiveCfg = Release|Any CPU
		{094C5319-6CF5-4774-9DBA-A14B31BB42AE}.Release|Any CPU.Build.0 = Release|Any CPU
		{4F924315-F6A5-405C-B497-1440E2DA6386}.Debug|Any CPU.ActiveCfg = Debug|Any CPU
		{4F924315-F6A5-405C-B497-1440E2DA6386}.Debug|Any CPU.Build.0 = Debug|Any CPU
		{4F924315-F6A5-405C-B497-1440E2DA6386}.Release|Any CPU.ActiveCfg = Release|Any CPU
		{4F924315-F6A5-405C-B497-1440E2DA6386}.Release|Any CPU.Build.0 = Release|Any CPU
		{00751382-950E-471B-9B68-CDBB16F5C46A}.Debug|Any CPU.ActiveCfg = Debug|Any CPU
		{00751382-950E-471B-9B68-CDBB16F5C46A}.Debug|Any CPU.Build.0 = Debug|Any CPU
		{00751382-950E-471B-9B68-CDBB16F5C46A}.Release|Any CPU.ActiveCfg = Release|Any CPU
		{00751382-950E-471B-9B68-CDBB16F5C46A}.Release|Any CPU.Build.0 = Release|Any CPU
		{4637703E-3E75-420F-B286-35834EA48261}.Debug|Any CPU.ActiveCfg = Debug|Any CPU
		{4637703E-3E75-420F-B286-35834EA48261}.Debug|Any CPU.Build.0 = Debug|Any CPU
		{4637703E-3E75-420F-B286-35834EA48261}.Release|Any CPU.ActiveCfg = Release|Any CPU
		{4637703E-3E75-420F-B286-35834EA48261}.Release|Any CPU.Build.0 = Release|Any CPU
		{E1AF2085-CC03-4730-8F0F-4B68AFFE0D1A}.Debug|Any CPU.ActiveCfg = Debug|Any CPU
		{E1AF2085-CC03-4730-8F0F-4B68AFFE0D1A}.Debug|Any CPU.Build.0 = Debug|Any CPU
		{E1AF2085-CC03-4730-8F0F-4B68AFFE0D1A}.Release|Any CPU.ActiveCfg = Release|Any CPU
		{E1AF2085-CC03-4730-8F0F-4B68AFFE0D1A}.Release|Any CPU.Build.0 = Release|Any CPU
		{D0F366B1-71F5-488E-8D9F-F4B06390FA83}.Debug|Any CPU.ActiveCfg = Debug|Any CPU
		{D0F366B1-71F5-488E-8D9F-F4B06390FA83}.Debug|Any CPU.Build.0 = Debug|Any CPU
		{D0F366B1-71F5-488E-8D9F-F4B06390FA83}.Release|Any CPU.ActiveCfg = Release|Any CPU
		{D0F366B1-71F5-488E-8D9F-F4B06390FA83}.Release|Any CPU.Build.0 = Release|Any CPU
		{8777E1F4-3EB4-429A-BEFC-7EC32305D687}.Debug|Any CPU.ActiveCfg = Debug|Any CPU
		{8777E1F4-3EB4-429A-BEFC-7EC32305D687}.Debug|Any CPU.Build.0 = Debug|Any CPU
		{8777E1F4-3EB4-429A-BEFC-7EC32305D687}.Release|Any CPU.ActiveCfg = Release|Any CPU
		{8777E1F4-3EB4-429A-BEFC-7EC32305D687}.Release|Any CPU.Build.0 = Release|Any CPU
		{F1F9ED7F-2078-46FB-B0B3-7E57BF89641A}.Debug|Any CPU.ActiveCfg = Debug|Any CPU
		{F1F9ED7F-2078-46FB-B0B3-7E57BF89641A}.Debug|Any CPU.Build.0 = Debug|Any CPU
		{F1F9ED7F-2078-46FB-B0B3-7E57BF89641A}.Release|Any CPU.ActiveCfg = Release|Any CPU
		{F1F9ED7F-2078-46FB-B0B3-7E57BF89641A}.Release|Any CPU.Build.0 = Release|Any CPU
		{6AE6A658-10B2-4CA5-9CE3-45F89A801DCE}.Debug|Any CPU.ActiveCfg = Debug|Any CPU
		{6AE6A658-10B2-4CA5-9CE3-45F89A801DCE}.Debug|Any CPU.Build.0 = Debug|Any CPU
		{6AE6A658-10B2-4CA5-9CE3-45F89A801DCE}.Release|Any CPU.ActiveCfg = Release|Any CPU
		{6AE6A658-10B2-4CA5-9CE3-45F89A801DCE}.Release|Any CPU.Build.0 = Release|Any CPU
		{4FEA3A60-E588-4BBF-A7BD-3EC2D830E556}.Debug|Any CPU.ActiveCfg = Debug|Any CPU
		{4FEA3A60-E588-4BBF-A7BD-3EC2D830E556}.Debug|Any CPU.Build.0 = Debug|Any CPU
		{4FEA3A60-E588-4BBF-A7BD-3EC2D830E556}.Release|Any CPU.ActiveCfg = Release|Any CPU
		{4FEA3A60-E588-4BBF-A7BD-3EC2D830E556}.Release|Any CPU.Build.0 = Release|Any CPU
		{8DEB5CE6-E3B9-4D50-B83B-1024000CC856}.Debug|Any CPU.ActiveCfg = Debug|Any CPU
		{8DEB5CE6-E3B9-4D50-B83B-1024000CC856}.Debug|Any CPU.Build.0 = Debug|Any CPU
		{8DEB5CE6-E3B9-4D50-B83B-1024000CC856}.Release|Any CPU.ActiveCfg = Release|Any CPU
		{8DEB5CE6-E3B9-4D50-B83B-1024000CC856}.Release|Any CPU.Build.0 = Release|Any CPU
		{95FAA4E9-CA04-4D7D-A367-87CBF9CE87D3}.Debug|Any CPU.ActiveCfg = Debug|Any CPU
		{95FAA4E9-CA04-4D7D-A367-87CBF9CE87D3}.Debug|Any CPU.Build.0 = Debug|Any CPU
		{95FAA4E9-CA04-4D7D-A367-87CBF9CE87D3}.Release|Any CPU.ActiveCfg = Release|Any CPU
		{95FAA4E9-CA04-4D7D-A367-87CBF9CE87D3}.Release|Any CPU.Build.0 = Release|Any CPU
		{2E3A22E4-D56B-4087-9EBD-16165E6F0E01}.Debug|Any CPU.ActiveCfg = Debug|Any CPU
		{2E3A22E4-D56B-4087-9EBD-16165E6F0E01}.Debug|Any CPU.Build.0 = Debug|Any CPU
		{2E3A22E4-D56B-4087-9EBD-16165E6F0E01}.Release|Any CPU.ActiveCfg = Release|Any CPU
		{2E3A22E4-D56B-4087-9EBD-16165E6F0E01}.Release|Any CPU.Build.0 = Release|Any CPU
		{FA734E33-A95D-4766-A9BE-95A73D9235FF}.Debug|Any CPU.ActiveCfg = Debug|Any CPU
		{FA734E33-A95D-4766-A9BE-95A73D9235FF}.Debug|Any CPU.Build.0 = Debug|Any CPU
		{FA734E33-A95D-4766-A9BE-95A73D9235FF}.Release|Any CPU.ActiveCfg = Release|Any CPU
		{FA734E33-A95D-4766-A9BE-95A73D9235FF}.Release|Any CPU.Build.0 = Release|Any CPU
		{0FF329A9-EA0B-4BF8-86F4-34ADA6E42D6F}.Debug|Any CPU.ActiveCfg = Debug|Any CPU
		{0FF329A9-EA0B-4BF8-86F4-34ADA6E42D6F}.Debug|Any CPU.Build.0 = Debug|Any CPU
		{0FF329A9-EA0B-4BF8-86F4-34ADA6E42D6F}.Release|Any CPU.ActiveCfg = Release|Any CPU
		{0FF329A9-EA0B-4BF8-86F4-34ADA6E42D6F}.Release|Any CPU.Build.0 = Release|Any CPU
		{2A7BAD76-9856-4702-9040-3FEE00EC76EF}.Debug|Any CPU.ActiveCfg = Debug|Any CPU
		{2A7BAD76-9856-4702-9040-3FEE00EC76EF}.Debug|Any CPU.Build.0 = Debug|Any CPU
		{2A7BAD76-9856-4702-9040-3FEE00EC76EF}.Release|Any CPU.ActiveCfg = Release|Any CPU
		{2A7BAD76-9856-4702-9040-3FEE00EC76EF}.Release|Any CPU.Build.0 = Release|Any CPU
		{A6576A30-8E0D-4FD3-87A9-E5FCDFAD28B0}.Debug|Any CPU.ActiveCfg = Debug|Any CPU
		{A6576A30-8E0D-4FD3-87A9-E5FCDFAD28B0}.Debug|Any CPU.Build.0 = Debug|Any CPU
		{A6576A30-8E0D-4FD3-87A9-E5FCDFAD28B0}.Release|Any CPU.ActiveCfg = Release|Any CPU
		{A6576A30-8E0D-4FD3-87A9-E5FCDFAD28B0}.Release|Any CPU.Build.0 = Release|Any CPU
		{D84EF993-2E96-46AD-8A07-2DE062FD465F}.Debug|Any CPU.ActiveCfg = Debug|Any CPU
		{D84EF993-2E96-46AD-8A07-2DE062FD465F}.Debug|Any CPU.Build.0 = Debug|Any CPU
		{D84EF993-2E96-46AD-8A07-2DE062FD465F}.Release|Any CPU.ActiveCfg = Release|Any CPU
		{D84EF993-2E96-46AD-8A07-2DE062FD465F}.Release|Any CPU.Build.0 = Release|Any CPU
		{ECF58DA2-1E8F-4120-BF17-E56E7E9AF93D}.Debug|Any CPU.ActiveCfg = Debug|Any CPU
		{ECF58DA2-1E8F-4120-BF17-E56E7E9AF93D}.Debug|Any CPU.Build.0 = Debug|Any CPU
		{ECF58DA2-1E8F-4120-BF17-E56E7E9AF93D}.Release|Any CPU.ActiveCfg = Release|Any CPU
		{ECF58DA2-1E8F-4120-BF17-E56E7E9AF93D}.Release|Any CPU.Build.0 = Release|Any CPU
		{A4432B21-2FA3-4F83-BF37-90A4186E4EBD}.Debug|Any CPU.ActiveCfg = Debug|Any CPU
		{A4432B21-2FA3-4F83-BF37-90A4186E4EBD}.Debug|Any CPU.Build.0 = Debug|Any CPU
		{A4432B21-2FA3-4F83-BF37-90A4186E4EBD}.Release|Any CPU.ActiveCfg = Release|Any CPU
		{A4432B21-2FA3-4F83-BF37-90A4186E4EBD}.Release|Any CPU.Build.0 = Release|Any CPU
		{3085030D-BFCD-4B80-9631-3E7BD92AD3E3}.Debug|Any CPU.ActiveCfg = Debug|Any CPU
		{3085030D-BFCD-4B80-9631-3E7BD92AD3E3}.Debug|Any CPU.Build.0 = Debug|Any CPU
		{3085030D-BFCD-4B80-9631-3E7BD92AD3E3}.Release|Any CPU.ActiveCfg = Release|Any CPU
		{3085030D-BFCD-4B80-9631-3E7BD92AD3E3}.Release|Any CPU.Build.0 = Release|Any CPU
		{0ED03271-4513-4F7B-A28A-215A97637E44}.Debug|Any CPU.ActiveCfg = Debug|Any CPU
		{0ED03271-4513-4F7B-A28A-215A97637E44}.Debug|Any CPU.Build.0 = Debug|Any CPU
		{0ED03271-4513-4F7B-A28A-215A97637E44}.Release|Any CPU.ActiveCfg = Release|Any CPU
		{0ED03271-4513-4F7B-A28A-215A97637E44}.Release|Any CPU.Build.0 = Release|Any CPU
		{6A20ECF4-3740-433A-85A6-2C447909DBAB}.Debug|Any CPU.ActiveCfg = Debug|Any CPU
		{6A20ECF4-3740-433A-85A6-2C447909DBAB}.Debug|Any CPU.Build.0 = Debug|Any CPU
		{6A20ECF4-3740-433A-85A6-2C447909DBAB}.Release|Any CPU.ActiveCfg = Release|Any CPU
		{6A20ECF4-3740-433A-85A6-2C447909DBAB}.Release|Any CPU.Build.0 = Release|Any CPU
		{AADD9D2B-C53C-4883-A08D-81020529A1ED}.Debug|Any CPU.ActiveCfg = Debug|Any CPU
		{AADD9D2B-C53C-4883-A08D-81020529A1ED}.Debug|Any CPU.Build.0 = Debug|Any CPU
		{AADD9D2B-C53C-4883-A08D-81020529A1ED}.Release|Any CPU.ActiveCfg = Release|Any CPU
		{AADD9D2B-C53C-4883-A08D-81020529A1ED}.Release|Any CPU.Build.0 = Release|Any CPU
		{5B56F28E-1726-4C42-8DFD-A5512FD350F4}.Debug|Any CPU.ActiveCfg = Debug|Any CPU
		{5B56F28E-1726-4C42-8DFD-A5512FD350F4}.Debug|Any CPU.Build.0 = Debug|Any CPU
		{5B56F28E-1726-4C42-8DFD-A5512FD350F4}.Release|Any CPU.ActiveCfg = Release|Any CPU
		{5B56F28E-1726-4C42-8DFD-A5512FD350F4}.Release|Any CPU.Build.0 = Release|Any CPU
		{CA3953BF-3F11-46E3-8BFC-F0A4E882F4A7}.Debug|Any CPU.ActiveCfg = Debug|Any CPU
		{CA3953BF-3F11-46E3-8BFC-F0A4E882F4A7}.Debug|Any CPU.Build.0 = Debug|Any CPU
		{CA3953BF-3F11-46E3-8BFC-F0A4E882F4A7}.Release|Any CPU.ActiveCfg = Release|Any CPU
		{CA3953BF-3F11-46E3-8BFC-F0A4E882F4A7}.Release|Any CPU.Build.0 = Release|Any CPU
		{943091B9-3173-4B38-B1B6-6B4D9560D439}.Debug|Any CPU.ActiveCfg = Debug|Any CPU
		{943091B9-3173-4B38-B1B6-6B4D9560D439}.Debug|Any CPU.Build.0 = Debug|Any CPU
		{943091B9-3173-4B38-B1B6-6B4D9560D439}.Release|Any CPU.ActiveCfg = Release|Any CPU
		{943091B9-3173-4B38-B1B6-6B4D9560D439}.Release|Any CPU.Build.0 = Release|Any CPU
		{2DD2FF39-A1BC-4FC1-8937-0F5889199B01}.Debug|Any CPU.ActiveCfg = Debug|Any CPU
		{2DD2FF39-A1BC-4FC1-8937-0F5889199B01}.Debug|Any CPU.Build.0 = Debug|Any CPU
		{2DD2FF39-A1BC-4FC1-8937-0F5889199B01}.Release|Any CPU.ActiveCfg = Release|Any CPU
		{2DD2FF39-A1BC-4FC1-8937-0F5889199B01}.Release|Any CPU.Build.0 = Release|Any CPU
		{8E952067-5ABB-49F2-B735-F05F353FE104}.Debug|Any CPU.ActiveCfg = Debug|Any CPU
		{8E952067-5ABB-49F2-B735-F05F353FE104}.Debug|Any CPU.Build.0 = Debug|Any CPU
		{8E952067-5ABB-49F2-B735-F05F353FE104}.Release|Any CPU.ActiveCfg = Release|Any CPU
		{8E952067-5ABB-49F2-B735-F05F353FE104}.Release|Any CPU.Build.0 = Release|Any CPU
		{3AE07292-B187-4A98-AFA0-119BBDD347A3}.Debug|Any CPU.ActiveCfg = Debug|Any CPU
		{3AE07292-B187-4A98-AFA0-119BBDD347A3}.Debug|Any CPU.Build.0 = Debug|Any CPU
		{3AE07292-B187-4A98-AFA0-119BBDD347A3}.Release|Any CPU.ActiveCfg = Release|Any CPU
		{3AE07292-B187-4A98-AFA0-119BBDD347A3}.Release|Any CPU.Build.0 = Release|Any CPU
		{6C9AFA2D-AD65-4700-8B29-990752445E65}.Debug|Any CPU.ActiveCfg = Debug|Any CPU
		{6C9AFA2D-AD65-4700-8B29-990752445E65}.Debug|Any CPU.Build.0 = Debug|Any CPU
		{6C9AFA2D-AD65-4700-8B29-990752445E65}.Release|Any CPU.ActiveCfg = Release|Any CPU
		{6C9AFA2D-AD65-4700-8B29-990752445E65}.Release|Any CPU.Build.0 = Release|Any CPU
		{B275067D-8467-4B84-8A91-8BB84EE4960E}.Debug|Any CPU.ActiveCfg = Debug|Any CPU
		{B275067D-8467-4B84-8A91-8BB84EE4960E}.Debug|Any CPU.Build.0 = Debug|Any CPU
		{B275067D-8467-4B84-8A91-8BB84EE4960E}.Release|Any CPU.ActiveCfg = Release|Any CPU
		{B275067D-8467-4B84-8A91-8BB84EE4960E}.Release|Any CPU.Build.0 = Release|Any CPU
		{DAFD64CB-15BA-427E-98FE-E671B7619CA8}.Debug|Any CPU.ActiveCfg = Debug|Any CPU
		{DAFD64CB-15BA-427E-98FE-E671B7619CA8}.Debug|Any CPU.Build.0 = Debug|Any CPU
		{DAFD64CB-15BA-427E-98FE-E671B7619CA8}.Release|Any CPU.ActiveCfg = Release|Any CPU
		{DAFD64CB-15BA-427E-98FE-E671B7619CA8}.Release|Any CPU.Build.0 = Release|Any CPU
		{18DBA227-07DE-4321-8853-7394F15B034F}.Debug|Any CPU.ActiveCfg = Debug|Any CPU
		{18DBA227-07DE-4321-8853-7394F15B034F}.Debug|Any CPU.Build.0 = Debug|Any CPU
		{18DBA227-07DE-4321-8853-7394F15B034F}.Release|Any CPU.ActiveCfg = Release|Any CPU
		{18DBA227-07DE-4321-8853-7394F15B034F}.Release|Any CPU.Build.0 = Release|Any CPU
		{068FED6C-D626-4A6A-AA06-B1F0F751C023}.Debug|Any CPU.ActiveCfg = Debug|Any CPU
		{068FED6C-D626-4A6A-AA06-B1F0F751C023}.Debug|Any CPU.Build.0 = Debug|Any CPU
		{068FED6C-D626-4A6A-AA06-B1F0F751C023}.Release|Any CPU.ActiveCfg = Release|Any CPU
		{068FED6C-D626-4A6A-AA06-B1F0F751C023}.Release|Any CPU.Build.0 = Release|Any CPU
	EndGlobalSection
	GlobalSection(SolutionProperties) = preSolution
		HideSolutionNode = FALSE
	EndGlobalSection
	GlobalSection(ExtensibilityGlobals) = postSolution
		SolutionGuid = {5BD7C858-028E-411E-991C-C1F086FADECA}
	EndGlobalSection
EndGlobal
